// !$*UTF8*$!
{
	archiveVersion = 1;
	classes = {
	};
	objectVersion = 51;
	objects = {

/* Begin PBXBuildFile section */
		8AABBFB193D0B694011D0B62 /* Pods_FB_SwiftUI.framework in Frameworks */ = {isa = PBXBuildFile; fileRef = DD8FD51213C7B7145C3CEA85 /* Pods_FB_SwiftUI.framework */; };
		9902B77EC4784B60773288A8 /* Pods_FB_SwiftUITests.framework in Frameworks */ = {isa = PBXBuildFile; fileRef = BFEC8447F01A0137EF6B220E /* Pods_FB_SwiftUITests.framework */; };
		CE59FC45B0035D02411895C7 /* Pods_FB_SwiftUI_FB_SwiftUIUITests.framework in Frameworks */ = {isa = PBXBuildFile; fileRef = 7B14D49568F316D4D175A0B9 /* Pods_FB_SwiftUI_FB_SwiftUIUITests.framework */; };
		E280609625C0D0E800BB9FD7 /* ListItemView.swift in Sources */ = {isa = PBXBuildFile; fileRef = E280609525C0D0E800BB9FD7 /* ListItemView.swift */; };
		E280609E25C1F1E500BB9FD7 /* ListItemEntry.swift in Sources */ = {isa = PBXBuildFile; fileRef = E280609D25C1F1E400BB9FD7 /* ListItemEntry.swift */; };
		E28060BC25C7783C00BB9FD7 /* CardView.swift in Sources */ = {isa = PBXBuildFile; fileRef = E28060BB25C7783C00BB9FD7 /* CardView.swift */; };
		E2BFC95925B84BAC006DF678 /* AppDelegate.swift in Sources */ = {isa = PBXBuildFile; fileRef = E2BFC95825B84BAC006DF678 /* AppDelegate.swift */; };
		E2BFC95B25B84BAC006DF678 /* SceneDelegate.swift in Sources */ = {isa = PBXBuildFile; fileRef = E2BFC95A25B84BAC006DF678 /* SceneDelegate.swift */; };
		E2BFC95D25B84BAC006DF678 /* ContentView.swift in Sources */ = {isa = PBXBuildFile; fileRef = E2BFC95C25B84BAC006DF678 /* ContentView.swift */; };
		E2BFC95F25B84BB2006DF678 /* Assets.xcassets in Resources */ = {isa = PBXBuildFile; fileRef = E2BFC95E25B84BB2006DF678 /* Assets.xcassets */; };
		E2BFC96225B84BB2006DF678 /* Preview Assets.xcassets in Resources */ = {isa = PBXBuildFile; fileRef = E2BFC96125B84BB2006DF678 /* Preview Assets.xcassets */; };
		E2BFC96525B84BB2006DF678 /* LaunchScreen.storyboard in Resources */ = {isa = PBXBuildFile; fileRef = E2BFC96325B84BB2006DF678 /* LaunchScreen.storyboard */; };
		E2BFC97025B84BB3006DF678 /* FB_SwiftUITests.swift in Sources */ = {isa = PBXBuildFile; fileRef = E2BFC96F25B84BB3006DF678 /* FB_SwiftUITests.swift */; };
		E2BFC97B25B84BB3006DF678 /* FB_SwiftUIUITests.swift in Sources */ = {isa = PBXBuildFile; fileRef = E2BFC97A25B84BB3006DF678 /* FB_SwiftUIUITests.swift */; };
		E2BFC98C25B85594006DF678 /* GoogleService-Info.plist in Resources */ = {isa = PBXBuildFile; fileRef = E2BFC98B25B85594006DF678 /* GoogleService-Info.plist */; };
		E2C2BF4325BB704600A1D5A4 /* List.swift in Sources */ = {isa = PBXBuildFile; fileRef = E2C2BF4225BB704600A1D5A4 /* List.swift */; };
		E2C2BF4825BB705700A1D5A4 /* ListEntry.swift in Sources */ = {isa = PBXBuildFile; fileRef = E2C2BF4725BB705700A1D5A4 /* ListEntry.swift */; };
		E2C2BF6E25BCBA2C00A1D5A4 /* GoogleService-Info.plist in Resources */ = {isa = PBXBuildFile; fileRef = E2C2BF6D25BCBA2C00A1D5A4 /* GoogleService-Info.plist */; };
/* End PBXBuildFile section */

/* Begin PBXContainerItemProxy section */
		E2BFC96C25B84BB3006DF678 /* PBXContainerItemProxy */ = {
			isa = PBXContainerItemProxy;
			containerPortal = E2BFC94D25B84BAC006DF678 /* Project object */;
			proxyType = 1;
			remoteGlobalIDString = E2BFC95425B84BAC006DF678;
			remoteInfo = "FB-SwiftUI";
		};
		E2BFC97725B84BB3006DF678 /* PBXContainerItemProxy */ = {
			isa = PBXContainerItemProxy;
			containerPortal = E2BFC94D25B84BAC006DF678 /* Project object */;
			proxyType = 1;
			remoteGlobalIDString = E2BFC95425B84BAC006DF678;
			remoteInfo = "FB-SwiftUI";
		};
/* End PBXContainerItemProxy section */

/* Begin PBXFileReference section */
		27DC3A37EB44924D419244BB /* Pods-FB-SwiftUITests.release.xcconfig */ = {isa = PBXFileReference; includeInIndex = 1; lastKnownFileType = text.xcconfig; name = "Pods-FB-SwiftUITests.release.xcconfig"; path = "Target Support Files/Pods-FB-SwiftUITests/Pods-FB-SwiftUITests.release.xcconfig"; sourceTree = "<group>"; };
		35648314743C392B747A08C1 /* Pods-FB-SwiftUI-FB-SwiftUIUITests.release.xcconfig */ = {isa = PBXFileReference; includeInIndex = 1; lastKnownFileType = text.xcconfig; name = "Pods-FB-SwiftUI-FB-SwiftUIUITests.release.xcconfig"; path = "Target Support Files/Pods-FB-SwiftUI-FB-SwiftUIUITests/Pods-FB-SwiftUI-FB-SwiftUIUITests.release.xcconfig"; sourceTree = "<group>"; };
		3AC9DE413A03FF71C4958D3A /* Pods-FB-SwiftUI-FB-SwiftUIUITests.debug.xcconfig */ = {isa = PBXFileReference; includeInIndex = 1; lastKnownFileType = text.xcconfig; name = "Pods-FB-SwiftUI-FB-SwiftUIUITests.debug.xcconfig"; path = "Target Support Files/Pods-FB-SwiftUI-FB-SwiftUIUITests/Pods-FB-SwiftUI-FB-SwiftUIUITests.debug.xcconfig"; sourceTree = "<group>"; };
		7B14D49568F316D4D175A0B9 /* Pods_FB_SwiftUI_FB_SwiftUIUITests.framework */ = {isa = PBXFileReference; explicitFileType = wrapper.framework; includeInIndex = 0; path = Pods_FB_SwiftUI_FB_SwiftUIUITests.framework; sourceTree = BUILT_PRODUCTS_DIR; };
		8CE0CCD628B755B8343A9811 /* Pods-FB-SwiftUI.debug.xcconfig */ = {isa = PBXFileReference; includeInIndex = 1; lastKnownFileType = text.xcconfig; name = "Pods-FB-SwiftUI.debug.xcconfig"; path = "Target Support Files/Pods-FB-SwiftUI/Pods-FB-SwiftUI.debug.xcconfig"; sourceTree = "<group>"; };
		8F474FA6C5694C978B5A7BC5 /* Pods-FB-SwiftUI.release.xcconfig */ = {isa = PBXFileReference; includeInIndex = 1; lastKnownFileType = text.xcconfig; name = "Pods-FB-SwiftUI.release.xcconfig"; path = "Target Support Files/Pods-FB-SwiftUI/Pods-FB-SwiftUI.release.xcconfig"; sourceTree = "<group>"; };
		B27C1021F5100AC64087430A /* Pods-FB-SwiftUITests.debug.xcconfig */ = {isa = PBXFileReference; includeInIndex = 1; lastKnownFileType = text.xcconfig; name = "Pods-FB-SwiftUITests.debug.xcconfig"; path = "Target Support Files/Pods-FB-SwiftUITests/Pods-FB-SwiftUITests.debug.xcconfig"; sourceTree = "<group>"; };
		BFEC8447F01A0137EF6B220E /* Pods_FB_SwiftUITests.framework */ = {isa = PBXFileReference; explicitFileType = wrapper.framework; includeInIndex = 0; path = Pods_FB_SwiftUITests.framework; sourceTree = BUILT_PRODUCTS_DIR; };
		DD8FD51213C7B7145C3CEA85 /* Pods_FB_SwiftUI.framework */ = {isa = PBXFileReference; explicitFileType = wrapper.framework; includeInIndex = 0; path = Pods_FB_SwiftUI.framework; sourceTree = BUILT_PRODUCTS_DIR; };
		E280609525C0D0E800BB9FD7 /* ListItemView.swift */ = {isa = PBXFileReference; lastKnownFileType = sourcecode.swift; path = ListItemView.swift; sourceTree = "<group>"; };
		E280609D25C1F1E400BB9FD7 /* ListItemEntry.swift */ = {isa = PBXFileReference; lastKnownFileType = sourcecode.swift; path = ListItemEntry.swift; sourceTree = "<group>"; };
		E28060BB25C7783C00BB9FD7 /* CardView.swift */ = {isa = PBXFileReference; fileEncoding = 4; lastKnownFileType = sourcecode.swift; name = CardView.swift; path = ../../../.Trash/CardView.swift; sourceTree = "<group>"; };
		E2BFC95525B84BAC006DF678 /* FB-SwiftUI.app */ = {isa = PBXFileReference; explicitFileType = wrapper.application; includeInIndex = 0; path = "FB-SwiftUI.app"; sourceTree = BUILT_PRODUCTS_DIR; };
		E2BFC95825B84BAC006DF678 /* AppDelegate.swift */ = {isa = PBXFileReference; lastKnownFileType = sourcecode.swift; path = AppDelegate.swift; sourceTree = "<group>"; };
		E2BFC95A25B84BAC006DF678 /* SceneDelegate.swift */ = {isa = PBXFileReference; lastKnownFileType = sourcecode.swift; path = SceneDelegate.swift; sourceTree = "<group>"; };
		E2BFC95C25B84BAC006DF678 /* ContentView.swift */ = {isa = PBXFileReference; lastKnownFileType = sourcecode.swift; path = ContentView.swift; sourceTree = "<group>"; };
		E2BFC95E25B84BB2006DF678 /* Assets.xcassets */ = {isa = PBXFileReference; lastKnownFileType = folder.assetcatalog; path = Assets.xcassets; sourceTree = "<group>"; };
		E2BFC96125B84BB2006DF678 /* Preview Assets.xcassets */ = {isa = PBXFileReference; lastKnownFileType = folder.assetcatalog; path = "Preview Assets.xcassets"; sourceTree = "<group>"; };
		E2BFC96425B84BB2006DF678 /* Base */ = {isa = PBXFileReference; lastKnownFileType = file.storyboard; name = Base; path = Base.lproj/LaunchScreen.storyboard; sourceTree = "<group>"; };
		E2BFC96625B84BB2006DF678 /* Info.plist */ = {isa = PBXFileReference; lastKnownFileType = text.plist.xml; path = Info.plist; sourceTree = "<group>"; };
		E2BFC96B25B84BB3006DF678 /* FB-SwiftUITests.xctest */ = {isa = PBXFileReference; explicitFileType = wrapper.cfbundle; includeInIndex = 0; path = "FB-SwiftUITests.xctest"; sourceTree = BUILT_PRODUCTS_DIR; };
		E2BFC96F25B84BB3006DF678 /* FB_SwiftUITests.swift */ = {isa = PBXFileReference; lastKnownFileType = sourcecode.swift; path = FB_SwiftUITests.swift; sourceTree = "<group>"; };
		E2BFC97125B84BB3006DF678 /* Info.plist */ = {isa = PBXFileReference; lastKnownFileType = text.plist.xml; path = Info.plist; sourceTree = "<group>"; };
		E2BFC97625B84BB3006DF678 /* FB-SwiftUIUITests.xctest */ = {isa = PBXFileReference; explicitFileType = wrapper.cfbundle; includeInIndex = 0; path = "FB-SwiftUIUITests.xctest"; sourceTree = BUILT_PRODUCTS_DIR; };
		E2BFC97A25B84BB3006DF678 /* FB_SwiftUIUITests.swift */ = {isa = PBXFileReference; lastKnownFileType = sourcecode.swift; path = FB_SwiftUIUITests.swift; sourceTree = "<group>"; };
		E2BFC97C25B84BB3006DF678 /* Info.plist */ = {isa = PBXFileReference; lastKnownFileType = text.plist.xml; path = Info.plist; sourceTree = "<group>"; };
		E2BFC98B25B85594006DF678 /* GoogleService-Info.plist */ = {isa = PBXFileReference; fileEncoding = 4; lastKnownFileType = text.plist.xml; name = "GoogleService-Info.plist"; path = "../../../Downloads/GoogleService-Info.plist"; sourceTree = "<group>"; };
		E2C2BF4225BB704600A1D5A4 /* List.swift */ = {isa = PBXFileReference; lastKnownFileType = sourcecode.swift; path = List.swift; sourceTree = "<group>"; };
		E2C2BF4725BB705700A1D5A4 /* ListEntry.swift */ = {isa = PBXFileReference; lastKnownFileType = sourcecode.swift; path = ListEntry.swift; sourceTree = "<group>"; };
		E2C2BF6D25BCBA2C00A1D5A4 /* GoogleService-Info.plist */ = {isa = PBXFileReference; fileEncoding = 4; lastKnownFileType = text.plist.xml; name = "GoogleService-Info.plist"; path = "../../../Downloads/GoogleService-Info.plist"; sourceTree = "<group>"; };
/* End PBXFileReference section */

/* Begin PBXFrameworksBuildPhase section */
		E2BFC95225B84BAC006DF678 /* Frameworks */ = {
			isa = PBXFrameworksBuildPhase;
			buildActionMask = 2147483647;
			files = (
				8AABBFB193D0B694011D0B62 /* Pods_FB_SwiftUI.framework in Frameworks */,
			);
			runOnlyForDeploymentPostprocessing = 0;
		};
		E2BFC96825B84BB3006DF678 /* Frameworks */ = {
			isa = PBXFrameworksBuildPhase;
			buildActionMask = 2147483647;
			files = (
				9902B77EC4784B60773288A8 /* Pods_FB_SwiftUITests.framework in Frameworks */,
			);
			runOnlyForDeploymentPostprocessing = 0;
		};
		E2BFC97325B84BB3006DF678 /* Frameworks */ = {
			isa = PBXFrameworksBuildPhase;
			buildActionMask = 2147483647;
			files = (
				CE59FC45B0035D02411895C7 /* Pods_FB_SwiftUI_FB_SwiftUIUITests.framework in Frameworks */,
			);
			runOnlyForDeploymentPostprocessing = 0;
		};
/* End PBXFrameworksBuildPhase section */

/* Begin PBXGroup section */
		6E9036AA88ABFB0BB31F0AD7 /* Frameworks */ = {
			isa = PBXGroup;
			children = (
				DD8FD51213C7B7145C3CEA85 /* Pods_FB_SwiftUI.framework */,
				7B14D49568F316D4D175A0B9 /* Pods_FB_SwiftUI_FB_SwiftUIUITests.framework */,
				BFEC8447F01A0137EF6B220E /* Pods_FB_SwiftUITests.framework */,
			);
			name = Frameworks;
			sourceTree = "<group>";
		};
		866610EA0BB8E36876448E44 /* Pods */ = {
			isa = PBXGroup;
			children = (
				8CE0CCD628B755B8343A9811 /* Pods-FB-SwiftUI.debug.xcconfig */,
				8F474FA6C5694C978B5A7BC5 /* Pods-FB-SwiftUI.release.xcconfig */,
				3AC9DE413A03FF71C4958D3A /* Pods-FB-SwiftUI-FB-SwiftUIUITests.debug.xcconfig */,
				35648314743C392B747A08C1 /* Pods-FB-SwiftUI-FB-SwiftUIUITests.release.xcconfig */,
				B27C1021F5100AC64087430A /* Pods-FB-SwiftUITests.debug.xcconfig */,
				27DC3A37EB44924D419244BB /* Pods-FB-SwiftUITests.release.xcconfig */,
			);
			path = Pods;
			sourceTree = "<group>";
		};
		E2BFC94C25B84BAC006DF678 = {
			isa = PBXGroup;
			children = (
				E2BFC95725B84BAC006DF678 /* FB-SwiftUI */,
				E2BFC96E25B84BB3006DF678 /* FB-SwiftUITests */,
				E2BFC97925B84BB3006DF678 /* FB-SwiftUIUITests */,
				E2BFC95625B84BAC006DF678 /* Products */,
				866610EA0BB8E36876448E44 /* Pods */,
				6E9036AA88ABFB0BB31F0AD7 /* Frameworks */,
			);
			sourceTree = "<group>";
		};
		E2BFC95625B84BAC006DF678 /* Products */ = {
			isa = PBXGroup;
			children = (
				E2BFC95525B84BAC006DF678 /* FB-SwiftUI.app */,
				E2BFC96B25B84BB3006DF678 /* FB-SwiftUITests.xctest */,
				E2BFC97625B84BB3006DF678 /* FB-SwiftUIUITests.xctest */,
			);
			name = Products;
			sourceTree = "<group>";
		};
		E2BFC95725B84BAC006DF678 /* FB-SwiftUI */ = {
			isa = PBXGroup;
			children = (
				E28060BB25C7783C00BB9FD7 /* CardView.swift */,
				E280609525C0D0E800BB9FD7 /* ListItemView.swift */,
				E2BFC95825B84BAC006DF678 /* AppDelegate.swift */,
				E2BFC95A25B84BAC006DF678 /* SceneDelegate.swift */,
				E2BFC95C25B84BAC006DF678 /* ContentView.swift */,
				E2C2BF4225BB704600A1D5A4 /* List.swift */,
				E2C2BF4725BB705700A1D5A4 /* ListEntry.swift */,
				E280609D25C1F1E400BB9FD7 /* ListItemEntry.swift */,
				E2BFC95E25B84BB2006DF678 /* Assets.xcassets */,
				E2BFC96325B84BB2006DF678 /* LaunchScreen.storyboard */,
				E2BFC96625B84BB2006DF678 /* Info.plist */,
				E2C2BF6D25BCBA2C00A1D5A4 /* GoogleService-Info.plist */,
				E2BFC96025B84BB2006DF678 /* Preview Content */,
			);
			path = "FB-SwiftUI";
			sourceTree = "<group>";
		};
		E2BFC96025B84BB2006DF678 /* Preview Content */ = {
			isa = PBXGroup;
			children = (
				E2BFC96125B84BB2006DF678 /* Preview Assets.xcassets */,
			);
			path = "Preview Content";
			sourceTree = "<group>";
		};
		E2BFC96E25B84BB3006DF678 /* FB-SwiftUITests */ = {
			isa = PBXGroup;
			children = (
				E2BFC96F25B84BB3006DF678 /* FB_SwiftUITests.swift */,
				E2BFC97125B84BB3006DF678 /* Info.plist */,
			);
			path = "FB-SwiftUITests";
			sourceTree = "<group>";
		};
		E2BFC97925B84BB3006DF678 /* FB-SwiftUIUITests */ = {
			isa = PBXGroup;
			children = (
				E2BFC97A25B84BB3006DF678 /* FB_SwiftUIUITests.swift */,
				E2BFC97C25B84BB3006DF678 /* Info.plist */,
				E2BFC98B25B85594006DF678 /* GoogleService-Info.plist */,
			);
			path = "FB-SwiftUIUITests";
			sourceTree = "<group>";
		};
/* End PBXGroup section */

/* Begin PBXNativeTarget section */
		E2BFC95425B84BAC006DF678 /* FB-SwiftUI */ = {
			isa = PBXNativeTarget;
			buildConfigurationList = E2BFC97F25B84BB3006DF678 /* Build configuration list for PBXNativeTarget "FB-SwiftUI" */;
			buildPhases = (
				8CF2DAFA4012FB2B0498FFAC /* [CP] Check Pods Manifest.lock */,
				E2BFC95125B84BAC006DF678 /* Sources */,
				E2BFC95225B84BAC006DF678 /* Frameworks */,
				E2BFC95325B84BAC006DF678 /* Resources */,
				14B106FCAFDC1BE66CDF66CE /* [CP] Embed Pods Frameworks */,
			);
			buildRules = (
			);
			dependencies = (
			);
			name = "FB-SwiftUI";
			productName = "FB-SwiftUI";
			productReference = E2BFC95525B84BAC006DF678 /* FB-SwiftUI.app */;
			productType = "com.apple.product-type.application";
		};
		E2BFC96A25B84BB3006DF678 /* FB-SwiftUITests */ = {
			isa = PBXNativeTarget;
			buildConfigurationList = E2BFC98225B84BB3006DF678 /* Build configuration list for PBXNativeTarget "FB-SwiftUITests" */;
			buildPhases = (
				C55A35C09FEB9EE55AA3252E /* [CP] Check Pods Manifest.lock */,
				E2BFC96725B84BB3006DF678 /* Sources */,
				E2BFC96825B84BB3006DF678 /* Frameworks */,
				E2BFC96925B84BB3006DF678 /* Resources */,
			);
			buildRules = (
			);
			dependencies = (
				E2BFC96D25B84BB3006DF678 /* PBXTargetDependency */,
			);
			name = "FB-SwiftUITests";
			productName = "FB-SwiftUITests";
			productReference = E2BFC96B25B84BB3006DF678 /* FB-SwiftUITests.xctest */;
			productType = "com.apple.product-type.bundle.unit-test";
		};
		E2BFC97525B84BB3006DF678 /* FB-SwiftUIUITests */ = {
			isa = PBXNativeTarget;
			buildConfigurationList = E2BFC98525B84BB3006DF678 /* Build configuration list for PBXNativeTarget "FB-SwiftUIUITests" */;
			buildPhases = (
				82447654B97F9458811BE54A /* [CP] Check Pods Manifest.lock */,
				E2BFC97225B84BB3006DF678 /* Sources */,
				E2BFC97325B84BB3006DF678 /* Frameworks */,
				E2BFC97425B84BB3006DF678 /* Resources */,
				34DC8FE2A730B33B52B9DEB2 /* [CP] Embed Pods Frameworks */,
			);
			buildRules = (
			);
			dependencies = (
				E2BFC97825B84BB3006DF678 /* PBXTargetDependency */,
			);
			name = "FB-SwiftUIUITests";
			productName = "FB-SwiftUIUITests";
			productReference = E2BFC97625B84BB3006DF678 /* FB-SwiftUIUITests.xctest */;
			productType = "com.apple.product-type.bundle.ui-testing";
		};
/* End PBXNativeTarget section */

/* Begin PBXProject section */
		E2BFC94D25B84BAC006DF678 /* Project object */ = {
			isa = PBXProject;
			attributes = {
				LastSwiftUpdateCheck = 1220;
				LastUpgradeCheck = 1220;
				TargetAttributes = {
					E2BFC95425B84BAC006DF678 = {
						CreatedOnToolsVersion = 12.2;
					};
					E2BFC96A25B84BB3006DF678 = {
						CreatedOnToolsVersion = 12.2;
						TestTargetID = E2BFC95425B84BAC006DF678;
					};
					E2BFC97525B84BB3006DF678 = {
						CreatedOnToolsVersion = 12.2;
						TestTargetID = E2BFC95425B84BAC006DF678;
					};
				};
			};
			buildConfigurationList = E2BFC95025B84BAC006DF678 /* Build configuration list for PBXProject "FB-SwiftUI" */;
			compatibilityVersion = "Xcode 9.3";
			developmentRegion = en;
			hasScannedForEncodings = 0;
			knownRegions = (
				en,
				Base,
			);
			mainGroup = E2BFC94C25B84BAC006DF678;
			productRefGroup = E2BFC95625B84BAC006DF678 /* Products */;
			projectDirPath = "";
			projectRoot = "";
			targets = (
				E2BFC95425B84BAC006DF678 /* FB-SwiftUI */,
				E2BFC96A25B84BB3006DF678 /* FB-SwiftUITests */,
				E2BFC97525B84BB3006DF678 /* FB-SwiftUIUITests */,
			);
		};
/* End PBXProject section */

/* Begin PBXResourcesBuildPhase section */
		E2BFC95325B84BAC006DF678 /* Resources */ = {
			isa = PBXResourcesBuildPhase;
			buildActionMask = 2147483647;
			files = (
				E2BFC96525B84BB2006DF678 /* LaunchScreen.storyboard in Resources */,
				E2C2BF6E25BCBA2C00A1D5A4 /* GoogleService-Info.plist in Resources */,
				E2BFC96225B84BB2006DF678 /* Preview Assets.xcassets in Resources */,
				E2BFC95F25B84BB2006DF678 /* Assets.xcassets in Resources */,
			);
			runOnlyForDeploymentPostprocessing = 0;
		};
		E2BFC96925B84BB3006DF678 /* Resources */ = {
			isa = PBXResourcesBuildPhase;
			buildActionMask = 2147483647;
			files = (
			);
			runOnlyForDeploymentPostprocessing = 0;
		};
		E2BFC97425B84BB3006DF678 /* Resources */ = {
			isa = PBXResourcesBuildPhase;
			buildActionMask = 2147483647;
			files = (
				E2BFC98C25B85594006DF678 /* GoogleService-Info.plist in Resources */,
			);
			runOnlyForDeploymentPostprocessing = 0;
		};
/* End PBXResourcesBuildPhase section */

/* Begin PBXShellScriptBuildPhase section */
		14B106FCAFDC1BE66CDF66CE /* [CP] Embed Pods Frameworks */ = {
			isa = PBXShellScriptBuildPhase;
			buildActionMask = 2147483647;
			files = (
			);
			inputFileListPaths = (
				"${PODS_ROOT}/Target Support Files/Pods-FB-SwiftUI/Pods-FB-SwiftUI-frameworks-${CONFIGURATION}-input-files.xcfilelist",
			);
			name = "[CP] Embed Pods Frameworks";
			outputFileListPaths = (
				"${PODS_ROOT}/Target Support Files/Pods-FB-SwiftUI/Pods-FB-SwiftUI-frameworks-${CONFIGURATION}-output-files.xcfilelist",
			);
			runOnlyForDeploymentPostprocessing = 0;
			shellPath = /bin/sh;
			shellScript = "\"${PODS_ROOT}/Target Support Files/Pods-FB-SwiftUI/Pods-FB-SwiftUI-frameworks.sh\"\n";
			showEnvVarsInLog = 0;
		};
		34DC8FE2A730B33B52B9DEB2 /* [CP] Embed Pods Frameworks */ = {
			isa = PBXShellScriptBuildPhase;
			buildActionMask = 2147483647;
			files = (
			);
			inputFileListPaths = (
				"${PODS_ROOT}/Target Support Files/Pods-FB-SwiftUI-FB-SwiftUIUITests/Pods-FB-SwiftUI-FB-SwiftUIUITests-frameworks-${CONFIGURATION}-input-files.xcfilelist",
			);
			name = "[CP] Embed Pods Frameworks";
			outputFileListPaths = (
				"${PODS_ROOT}/Target Support Files/Pods-FB-SwiftUI-FB-SwiftUIUITests/Pods-FB-SwiftUI-FB-SwiftUIUITests-frameworks-${CONFIGURATION}-output-files.xcfilelist",
			);
			runOnlyForDeploymentPostprocessing = 0;
			shellPath = /bin/sh;
			shellScript = "\"${PODS_ROOT}/Target Support Files/Pods-FB-SwiftUI-FB-SwiftUIUITests/Pods-FB-SwiftUI-FB-SwiftUIUITests-frameworks.sh\"\n";
			showEnvVarsInLog = 0;
		};
		82447654B97F9458811BE54A /* [CP] Check Pods Manifest.lock */ = {
			isa = PBXShellScriptBuildPhase;
			buildActionMask = 2147483647;
			files = (
			);
			inputFileListPaths = (
			);
			inputPaths = (
				"${PODS_PODFILE_DIR_PATH}/Podfile.lock",
				"${PODS_ROOT}/Manifest.lock",
			);
			name = "[CP] Check Pods Manifest.lock";
			outputFileListPaths = (
			);
			outputPaths = (
				"$(DERIVED_FILE_DIR)/Pods-FB-SwiftUI-FB-SwiftUIUITests-checkManifestLockResult.txt",
			);
			runOnlyForDeploymentPostprocessing = 0;
			shellPath = /bin/sh;
			shellScript = "diff \"${PODS_PODFILE_DIR_PATH}/Podfile.lock\" \"${PODS_ROOT}/Manifest.lock\" > /dev/null\nif [ $? != 0 ] ; then\n    # print error to STDERR\n    echo \"error: The sandbox is not in sync with the Podfile.lock. Run 'pod install' or update your CocoaPods installation.\" >&2\n    exit 1\nfi\n# This output is used by Xcode 'outputs' to avoid re-running this script phase.\necho \"SUCCESS\" > \"${SCRIPT_OUTPUT_FILE_0}\"\n";
			showEnvVarsInLog = 0;
		};
		8CF2DAFA4012FB2B0498FFAC /* [CP] Check Pods Manifest.lock */ = {
			isa = PBXShellScriptBuildPhase;
			buildActionMask = 2147483647;
			files = (
			);
			inputFileListPaths = (
			);
			inputPaths = (
				"${PODS_PODFILE_DIR_PATH}/Podfile.lock",
				"${PODS_ROOT}/Manifest.lock",
			);
			name = "[CP] Check Pods Manifest.lock";
			outputFileListPaths = (
			);
			outputPaths = (
				"$(DERIVED_FILE_DIR)/Pods-FB-SwiftUI-checkManifestLockResult.txt",
			);
			runOnlyForDeploymentPostprocessing = 0;
			shellPath = /bin/sh;
			shellScript = "diff \"${PODS_PODFILE_DIR_PATH}/Podfile.lock\" \"${PODS_ROOT}/Manifest.lock\" > /dev/null\nif [ $? != 0 ] ; then\n    # print error to STDERR\n    echo \"error: The sandbox is not in sync with the Podfile.lock. Run 'pod install' or update your CocoaPods installation.\" >&2\n    exit 1\nfi\n# This output is used by Xcode 'outputs' to avoid re-running this script phase.\necho \"SUCCESS\" > \"${SCRIPT_OUTPUT_FILE_0}\"\n";
			showEnvVarsInLog = 0;
		};
		C55A35C09FEB9EE55AA3252E /* [CP] Check Pods Manifest.lock */ = {
			isa = PBXShellScriptBuildPhase;
			buildActionMask = 2147483647;
			files = (
			);
			inputFileListPaths = (
			);
			inputPaths = (
				"${PODS_PODFILE_DIR_PATH}/Podfile.lock",
				"${PODS_ROOT}/Manifest.lock",
			);
			name = "[CP] Check Pods Manifest.lock";
			outputFileListPaths = (
			);
			outputPaths = (
				"$(DERIVED_FILE_DIR)/Pods-FB-SwiftUITests-checkManifestLockResult.txt",
			);
			runOnlyForDeploymentPostprocessing = 0;
			shellPath = /bin/sh;
			shellScript = "diff \"${PODS_PODFILE_DIR_PATH}/Podfile.lock\" \"${PODS_ROOT}/Manifest.lock\" > /dev/null\nif [ $? != 0 ] ; then\n    # print error to STDERR\n    echo \"error: The sandbox is not in sync with the Podfile.lock. Run 'pod install' or update your CocoaPods installation.\" >&2\n    exit 1\nfi\n# This output is used by Xcode 'outputs' to avoid re-running this script phase.\necho \"SUCCESS\" > \"${SCRIPT_OUTPUT_FILE_0}\"\n";
			showEnvVarsInLog = 0;
		};
/* End PBXShellScriptBuildPhase section */

/* Begin PBXSourcesBuildPhase section */
		E2BFC95125B84BAC006DF678 /* Sources */ = {
			isa = PBXSourcesBuildPhase;
			buildActionMask = 2147483647;
			files = (
				E2BFC95925B84BAC006DF678 /* AppDelegate.swift in Sources */,
				E2C2BF4825BB705700A1D5A4 /* ListEntry.swift in Sources */,
				E2C2BF4325BB704600A1D5A4 /* List.swift in Sources */,
				E280609625C0D0E800BB9FD7 /* ListItemView.swift in Sources */,
				E2BFC95B25B84BAC006DF678 /* SceneDelegate.swift in Sources */,
				E2BFC95D25B84BAC006DF678 /* ContentView.swift in Sources */,
				E28060BC25C7783C00BB9FD7 /* CardView.swift in Sources */,
				E280609E25C1F1E500BB9FD7 /* ListItemEntry.swift in Sources */,
			);
			runOnlyForDeploymentPostprocessing = 0;
		};
		E2BFC96725B84BB3006DF678 /* Sources */ = {
			isa = PBXSourcesBuildPhase;
			buildActionMask = 2147483647;
			files = (
				E2BFC97025B84BB3006DF678 /* FB_SwiftUITests.swift in Sources */,
			);
			runOnlyForDeploymentPostprocessing = 0;
		};
		E2BFC97225B84BB3006DF678 /* Sources */ = {
			isa = PBXSourcesBuildPhase;
			buildActionMask = 2147483647;
			files = (
				E2BFC97B25B84BB3006DF678 /* FB_SwiftUIUITests.swift in Sources */,
			);
			runOnlyForDeploymentPostprocessing = 0;
		};
/* End PBXSourcesBuildPhase section */

/* Begin PBXTargetDependency section */
		E2BFC96D25B84BB3006DF678 /* PBXTargetDependency */ = {
			isa = PBXTargetDependency;
			target = E2BFC95425B84BAC006DF678 /* FB-SwiftUI */;
			targetProxy = E2BFC96C25B84BB3006DF678 /* PBXContainerItemProxy */;
		};
		E2BFC97825B84BB3006DF678 /* PBXTargetDependency */ = {
			isa = PBXTargetDependency;
			target = E2BFC95425B84BAC006DF678 /* FB-SwiftUI */;
			targetProxy = E2BFC97725B84BB3006DF678 /* PBXContainerItemProxy */;
		};
/* End PBXTargetDependency section */

/* Begin PBXVariantGroup section */
		E2BFC96325B84BB2006DF678 /* LaunchScreen.storyboard */ = {
			isa = PBXVariantGroup;
			children = (
				E2BFC96425B84BB2006DF678 /* Base */,
			);
			name = LaunchScreen.storyboard;
			sourceTree = "<group>";
		};
/* End PBXVariantGroup section */

/* Begin XCBuildConfiguration section */
		E2BFC97D25B84BB3006DF678 /* Debug */ = {
			isa = XCBuildConfiguration;
			buildSettings = {
				ALWAYS_SEARCH_USER_PATHS = NO;
				CLANG_ANALYZER_NONNULL = YES;
				CLANG_ANALYZER_NUMBER_OBJECT_CONVERSION = YES_AGGRESSIVE;
				CLANG_CXX_LANGUAGE_STANDARD = "gnu++14";
				CLANG_CXX_LIBRARY = "libc++";
				CLANG_ENABLE_MODULES = YES;
				CLANG_ENABLE_OBJC_ARC = YES;
				CLANG_ENABLE_OBJC_WEAK = YES;
				CLANG_WARN_BLOCK_CAPTURE_AUTORELEASING = YES;
				CLANG_WARN_BOOL_CONVERSION = YES;
				CLANG_WARN_COMMA = YES;
				CLANG_WARN_CONSTANT_CONVERSION = YES;
				CLANG_WARN_DEPRECATED_OBJC_IMPLEMENTATIONS = YES;
				CLANG_WARN_DIRECT_OBJC_ISA_USAGE = YES_ERROR;
				CLANG_WARN_DOCUMENTATION_COMMENTS = YES;
				CLANG_WARN_EMPTY_BODY = YES;
				CLANG_WARN_ENUM_CONVERSION = YES;
				CLANG_WARN_INFINITE_RECURSION = YES;
				CLANG_WARN_INT_CONVERSION = YES;
				CLANG_WARN_NON_LITERAL_NULL_CONVERSION = YES;
				CLANG_WARN_OBJC_IMPLICIT_RETAIN_SELF = YES;
				CLANG_WARN_OBJC_LITERAL_CONVERSION = YES;
				CLANG_WARN_OBJC_ROOT_CLASS = YES_ERROR;
				CLANG_WARN_QUOTED_INCLUDE_IN_FRAMEWORK_HEADER = YES;
				CLANG_WARN_RANGE_LOOP_ANALYSIS = YES;
				CLANG_WARN_STRICT_PROTOTYPES = YES;
				CLANG_WARN_SUSPICIOUS_MOVE = YES;
				CLANG_WARN_UNGUARDED_AVAILABILITY = YES_AGGRESSIVE;
				CLANG_WARN_UNREACHABLE_CODE = YES;
				CLANG_WARN__DUPLICATE_METHOD_MATCH = YES;
				COPY_PHASE_STRIP = NO;
				DEBUG_INFORMATION_FORMAT = dwarf;
				ENABLE_STRICT_OBJC_MSGSEND = YES;
				ENABLE_TESTABILITY = YES;
				GCC_C_LANGUAGE_STANDARD = gnu11;
				GCC_DYNAMIC_NO_PIC = NO;
				GCC_NO_COMMON_BLOCKS = YES;
				GCC_OPTIMIZATION_LEVEL = 0;
				GCC_PREPROCESSOR_DEFINITIONS = (
					"DEBUG=1",
					"$(inherited)",
				);
				GCC_WARN_64_TO_32_BIT_CONVERSION = YES;
				GCC_WARN_ABOUT_RETURN_TYPE = YES_ERROR;
				GCC_WARN_UNDECLARED_SELECTOR = YES;
				GCC_WARN_UNINITIALIZED_AUTOS = YES_AGGRESSIVE;
				GCC_WARN_UNUSED_FUNCTION = YES;
				GCC_WARN_UNUSED_VARIABLE = YES;
				IPHONEOS_DEPLOYMENT_TARGET = 14.2;
				MTL_ENABLE_DEBUG_INFO = INCLUDE_SOURCE;
				MTL_FAST_MATH = YES;
				ONLY_ACTIVE_ARCH = YES;
				SDKROOT = iphoneos;
				SWIFT_ACTIVE_COMPILATION_CONDITIONS = DEBUG;
				SWIFT_OPTIMIZATION_LEVEL = "-Onone";
			};
			name = Debug;
		};
		E2BFC97E25B84BB3006DF678 /* Release */ = {
			isa = XCBuildConfiguration;
			buildSettings = {
				ALWAYS_SEARCH_USER_PATHS = NO;
				CLANG_ANALYZER_NONNULL = YES;
				CLANG_ANALYZER_NUMBER_OBJECT_CONVERSION = YES_AGGRESSIVE;
				CLANG_CXX_LANGUAGE_STANDARD = "gnu++14";
				CLANG_CXX_LIBRARY = "libc++";
				CLANG_ENABLE_MODULES = YES;
				CLANG_ENABLE_OBJC_ARC = YES;
				CLANG_ENABLE_OBJC_WEAK = YES;
				CLANG_WARN_BLOCK_CAPTURE_AUTORELEASING = YES;
				CLANG_WARN_BOOL_CONVERSION = YES;
				CLANG_WARN_COMMA = YES;
				CLANG_WARN_CONSTANT_CONVERSION = YES;
				CLANG_WARN_DEPRECATED_OBJC_IMPLEMENTATIONS = YES;
				CLANG_WARN_DIRECT_OBJC_ISA_USAGE = YES_ERROR;
				CLANG_WARN_DOCUMENTATION_COMMENTS = YES;
				CLANG_WARN_EMPTY_BODY = YES;
				CLANG_WARN_ENUM_CONVERSION = YES;
				CLANG_WARN_INFINITE_RECURSION = YES;
				CLANG_WARN_INT_CONVERSION = YES;
				CLANG_WARN_NON_LITERAL_NULL_CONVERSION = YES;
				CLANG_WARN_OBJC_IMPLICIT_RETAIN_SELF = YES;
				CLANG_WARN_OBJC_LITERAL_CONVERSION = YES;
				CLANG_WARN_OBJC_ROOT_CLASS = YES_ERROR;
				CLANG_WARN_QUOTED_INCLUDE_IN_FRAMEWORK_HEADER = YES;
				CLANG_WARN_RANGE_LOOP_ANALYSIS = YES;
				CLANG_WARN_STRICT_PROTOTYPES = YES;
				CLANG_WARN_SUSPICIOUS_MOVE = YES;
				CLANG_WARN_UNGUARDED_AVAILABILITY = YES_AGGRESSIVE;
				CLANG_WARN_UNREACHABLE_CODE = YES;
				CLANG_WARN__DUPLICATE_METHOD_MATCH = YES;
				COPY_PHASE_STRIP = NO;
				DEBUG_INFORMATION_FORMAT = "dwarf-with-dsym";
				ENABLE_NS_ASSERTIONS = NO;
				ENABLE_STRICT_OBJC_MSGSEND = YES;
				GCC_C_LANGUAGE_STANDARD = gnu11;
				GCC_NO_COMMON_BLOCKS = YES;
				GCC_WARN_64_TO_32_BIT_CONVERSION = YES;
				GCC_WARN_ABOUT_RETURN_TYPE = YES_ERROR;
				GCC_WARN_UNDECLARED_SELECTOR = YES;
				GCC_WARN_UNINITIALIZED_AUTOS = YES_AGGRESSIVE;
				GCC_WARN_UNUSED_FUNCTION = YES;
				GCC_WARN_UNUSED_VARIABLE = YES;
				IPHONEOS_DEPLOYMENT_TARGET = 14.2;
				MTL_ENABLE_DEBUG_INFO = NO;
				MTL_FAST_MATH = YES;
				SDKROOT = iphoneos;
				SWIFT_COMPILATION_MODE = wholemodule;
				SWIFT_OPTIMIZATION_LEVEL = "-O";
				VALIDATE_PRODUCT = YES;
			};
			name = Release;
		};
		E2BFC98025B84BB3006DF678 /* Debug */ = {
			isa = XCBuildConfiguration;
			baseConfigurationReference = 8CE0CCD628B755B8343A9811 /* Pods-FB-SwiftUI.debug.xcconfig */;
			buildSettings = {
				ASSETCATALOG_COMPILER_APPICON_NAME = AppIcon;
				ASSETCATALOG_COMPILER_GLOBAL_ACCENT_COLOR_NAME = AccentColor;
				CODE_SIGN_STYLE = Automatic;
				DEVELOPMENT_ASSET_PATHS = "\"FB-SwiftUI/Preview Content\"";
				ENABLE_PREVIEWS = YES;
				INFOPLIST_FILE = "FB-SwiftUI/Info.plist";
				LD_RUNPATH_SEARCH_PATHS = (
					"$(inherited)",
					"@executable_path/Frameworks",
				);
				PRODUCT_BUNDLE_IDENTIFIER = "com.example.FB-SwiftUI";
				PRODUCT_NAME = "$(TARGET_NAME)";
				SWIFT_VERSION = 5.0;
				TARGETED_DEVICE_FAMILY = "1,2";
			};
			name = Debug;
		};
		E2BFC98125B84BB3006DF678 /* Release */ = {
			isa = XCBuildConfiguration;
			baseConfigurationReference = 8F474FA6C5694C978B5A7BC5 /* Pods-FB-SwiftUI.release.xcconfig */;
			buildSettings = {
				ASSETCATALOG_COMPILER_APPICON_NAME = AppIcon;
				ASSETCATALOG_COMPILER_GLOBAL_ACCENT_COLOR_NAME = AccentColor;
				CODE_SIGN_STYLE = Automatic;
				DEVELOPMENT_ASSET_PATHS = "\"FB-SwiftUI/Preview Content\"";
				ENABLE_PREVIEWS = YES;
				INFOPLIST_FILE = "FB-SwiftUI/Info.plist";
				LD_RUNPATH_SEARCH_PATHS = (
					"$(inherited)",
					"@executable_path/Frameworks",
				);
				PRODUCT_BUNDLE_IDENTIFIER = "com.example.FB-SwiftUI";
				PRODUCT_NAME = "$(TARGET_NAME)";
				SWIFT_VERSION = 5.0;
				TARGETED_DEVICE_FAMILY = "1,2";
			};
			name = Release;
		};
		E2BFC98325B84BB3006DF678 /* Debug */ = {
			isa = XCBuildConfiguration;
			baseConfigurationReference = B27C1021F5100AC64087430A /* Pods-FB-SwiftUITests.debug.xcconfig */;
			buildSettings = {
				ALWAYS_EMBED_SWIFT_STANDARD_LIBRARIES = YES;
				BUNDLE_LOADER = "$(TEST_HOST)";
				CODE_SIGN_STYLE = Automatic;
				INFOPLIST_FILE = "FB-SwiftUITests/Info.plist";
				IPHONEOS_DEPLOYMENT_TARGET = 14.2;
				LD_RUNPATH_SEARCH_PATHS = (
					"$(inherited)",
					"@executable_path/Frameworks",
					"@loader_path/Frameworks",
				);
				PRODUCT_BUNDLE_IDENTIFIER = "com.example.FB-SwiftUITests";
				PRODUCT_NAME = "$(TARGET_NAME)";
				SWIFT_VERSION = 5.0;
				TARGETED_DEVICE_FAMILY = "1,2";
				TEST_HOST = "$(BUILT_PRODUCTS_DIR)/FB-SwiftUI.app/FB-SwiftUI";
			};
			name = Debug;
		};
		E2BFC98425B84BB3006DF678 /* Release */ = {
			isa = XCBuildConfiguration;
			baseConfigurationReference = 27DC3A37EB44924D419244BB /* Pods-FB-SwiftUITests.release.xcconfig */;
			buildSettings = {
				ALWAYS_EMBED_SWIFT_STANDARD_LIBRARIES = YES;
				BUNDLE_LOADER = "$(TEST_HOST)";
				CODE_SIGN_STYLE = Automatic;
				INFOPLIST_FILE = "FB-SwiftUITests/Info.plist";
				IPHONEOS_DEPLOYMENT_TARGET = 14.2;
				LD_RUNPATH_SEARCH_PATHS = (
					"$(inherited)",
					"@executable_path/Frameworks",
					"@loader_path/Frameworks",
				);
				PRODUCT_BUNDLE_IDENTIFIER = "com.example.FB-SwiftUITests";
				PRODUCT_NAME = "$(TARGET_NAME)";
				SWIFT_VERSION = 5.0;
				TARGETED_DEVICE_FAMILY = "1,2";
				TEST_HOST = "$(BUILT_PRODUCTS_DIR)/FB-SwiftUI.app/FB-SwiftUI";
			};
			name = Release;
		};
		E2BFC98625B84BB3006DF678 /* Debug */ = {
			isa = XCBuildConfiguration;
			baseConfigurationReference = 3AC9DE413A03FF71C4958D3A /* Pods-FB-SwiftUI-FB-SwiftUIUITests.debug.xcconfig */;
			buildSettings = {
				ALWAYS_EMBED_SWIFT_STANDARD_LIBRARIES = YES;
				CODE_SIGN_STYLE = Automatic;
				INFOPLIST_FILE = "FB-SwiftUIUITests/Info.plist";
				LD_RUNPATH_SEARCH_PATHS = (
					"$(inherited)",
					"@executable_path/Frameworks",
					"@loader_path/Frameworks",
				);
				PRODUCT_BUNDLE_IDENTIFIER = "com.example.FB-SwiftUIUITests";
				PRODUCT_NAME = "$(TARGET_NAME)";
				SWIFT_VERSION = 5.0;
				TARGETED_DEVICE_FAMILY = "1,2";
				TEST_TARGET_NAME = "FB-SwiftUI";
			};
			name = Debug;
		};
		E2BFC98725B84BB3006DF678 /* Release */ = {
			isa = XCBuildConfiguration;
			baseConfigurationReference = 35648314743C392B747A08C1 /* Pods-FB-SwiftUI-FB-SwiftUIUITests.release.xcconfig */;
			buildSettings = {
				ALWAYS_EMBED_SWIFT_STANDARD_LIBRARIES = YES;
				CODE_SIGN_STYLE = Automatic;
				INFOPLIST_FILE = "FB-SwiftUIUITests/Info.plist";
				LD_RUNPATH_SEARCH_PATHS = (
					"$(inherited)",
					"@executable_path/Frameworks",
					"@loader_path/Frameworks",
				);
				PRODUCT_BUNDLE_IDENTIFIER = "com.example.FB-SwiftUIUITests";
				PRODUCT_NAME = "$(TARGET_NAME)";
				SWIFT_VERSION = 5.0;
				TARGETED_DEVICE_FAMILY = "1,2";
				TEST_TARGET_NAME = "FB-SwiftUI";
			};
			name = Release;
		};
/* End XCBuildConfiguration section */

/* Begin XCConfigurationList section */
		E2BFC95025B84BAC006DF678 /* Build configuration list for PBXProject "FB-SwiftUI" */ = {
			isa = XCConfigurationList;
			buildConfigurations = (
				E2BFC97D25B84BB3006DF678 /* Debug */,
				E2BFC97E25B84BB3006DF678 /* Release */,
			);
			defaultConfigurationIsVisible = 0;
			defaultConfigurationName = Release;
		};
		E2BFC97F25B84BB3006DF678 /* Build configuration list for PBXNativeTarget "FB-SwiftUI" */ = {
			isa = XCConfigurationList;
			buildConfigurations = (
				E2BFC98025B84BB3006DF678 /* Debug */,
				E2BFC98125B84BB3006DF678 /* Release */,
			);
			defaultConfigurationIsVisible = 0;
			defaultConfigurationName = Release;
		};
		E2BFC98225B84BB3006DF678 /* Build configuration list for PBXNativeTarget "FB-SwiftUITests" */ = {
			isa = XCConfigurationList;
			buildConfigurations = (
				E2BFC98325B84BB3006DF678 /* Debug */,
				E2BFC98425B84BB3006DF678 /* Release */,
			);
			defaultConfigurationIsVisible = 0;
			defaultConfigurationName = Release;
		};
		E2BFC98525B84BB3006DF678 /* Build configuration list for PBXNativeTarget "FB-SwiftUIUITests" */ = {
			isa = XCConfigurationList;
			buildConfigurations = (
				E2BFC98625B84BB3006DF678 /* Debug */,
				E2BFC98725B84BB3006DF678 /* Release */,
			);
			defaultConfigurationIsVisible = 0;
			defaultConfigurationName = Release;
		};
/* End XCConfigurationList section */
	};
	rootObject = E2BFC94D25B84BAC006DF678 /* Project object */;
}
